
Microsoft Visual Studio Solution File, Format Version 12.00
# Visual Studio 15
VisualStudioVersion = 15.0.28307.271
MinimumVisualStudioVersion = 10.0.40219.1
Project("{FAE04EC0-301F-11D3-BF4B-00C04F79EFBC}") = "BillsPaymentSystem.App", "..\BillsPaymentSystem.App\BillsPaymentSystem.App.csproj", "{9ED3B088-C900-4AAD-B594-AA7518645C75}"
EndProject
Project("{FAE04EC0-301F-11D3-BF4B-00C04F79EFBC}") = "BillsPaymentSystem.Data", "BillsPaymentSystem.Data\BillsPaymentSystem.Data.csproj", "{3E6B8B23-B36C-410D-B8CE-B3080B987769}"
EndProject
Project("{FAE04EC0-301F-11D3-BF4B-00C04F79EFBC}") = "BillsPaymentSystem.Models", "BillsPaymentSystem.Models\BillsPaymentSystem.Models.csproj", "{153D70ED-F2B3-4B5E-89E4-522BAE435540}"
EndProject
Global
	GlobalSection(SolutionConfigurationPlatforms) = preSolution
		Debug|Any CPU = Debug|Any CPU
		Release|Any CPU = Release|Any CPU
	EndGlobalSection
	GlobalSection(ProjectConfigurationPlatforms) = postSolution
		{9ED3B088-C900-4AAD-B594-AA7518645C75}.Debug|Any CPU.ActiveCfg = Debug|Any CPU
		{9ED3B088-C900-4AAD-B594-AA7518645C75}.Debug|Any CPU.Build.0 = Debug|Any CPU
		{9ED3B088-C900-4AAD-B594-AA7518645C75}.Release|Any CPU.ActiveCfg = Release|Any CPU
		{9ED3B088-C900-4AAD-B594-AA7518645C75}.Release|Any CPU.Build.0 = Release|Any CPU
		{3E6B8B23-B36C-410D-B8CE-B3080B987769}.Debug|Any CPU.ActiveCfg = Debug|Any CPU
		{3E6B8B23-B36C-410D-B8CE-B3080B987769}.Debug|Any CPU.Build.0 = Debug|Any CPU
		{3E6B8B23-B36C-410D-B8CE-B3080B987769}.Release|Any CPU.ActiveCfg = Release|Any CPU
		{3E6B8B23-B36C-410D-B8CE-B3080B987769}.Release|Any CPU.Build.0 = Release|Any CPU
		{153D70ED-F2B3-4B5E-89E4-522BAE435540}.Debug|Any CPU.ActiveCfg = Debug|Any CPU
		{153D70ED-F2B3-4B5E-89E4-522BAE435540}.Debug|Any CPU.Build.0 = Debug|Any CPU
		{153D70ED-F2B3-4B5E-89E4-522BAE435540}.Release|Any CPU.ActiveCfg = Release|Any CPU
		{153D70ED-F2B3-4B5E-89E4-522BAE435540}.Release|Any CPU.Build.0 = Release|Any CPU
	EndGlobalSection
	GlobalSection(SolutionProperties) = preSolution
		HideSolutionNode = FALSE
	EndGlobalSection
	GlobalSection(ExtensibilityGlobals) = postSolution
		SolutionGuid = {3E4FBABF-0941-4689-96E1-4D427885F8D3}
	EndGlobalSection
EndGlobal
