
Microsoft Visual Studio Solution File, Format Version 12.00
# Visual Studio 15
VisualStudioVersion = 15.0.28307.271
MinimumVisualStudioVersion = 10.0.40219.1
Project("{FAE04EC0-301F-11D3-BF4B-00C04F79EFBC}") = "P01_HospitalDatabase", "..\P01_HospitalDatabase\P01_HospitalDatabase.csproj", "{9452DAF3-5AD6-457B-BAF6-CB87CEFED4D2}"
EndProject
Project("{FAE04EC0-301F-11D3-BF4B-00C04F79EFBC}") = "P01_HospitalDatabase.Data", "P01_HospitalDatabase.Data\P01_HospitalDatabase.Data.csproj", "{700497C5-ED44-4266-A9A9-485D68EE74CE}"
EndProject
Project("{FAE04EC0-301F-11D3-BF4B-00C04F79EFBC}") = "P01_HospitalDatabase.Data.Models", "P01_HospitalDatabase.Data.Models\P01_HospitalDatabase.Data.Models.csproj", "{D5C0FDA7-F10B-4541-8582-629654E5AA03}"
EndProject
Global
	GlobalSection(SolutionConfigurationPlatforms) = preSolution
		Debug|Any CPU = Debug|Any CPU
		Release|Any CPU = Release|Any CPU
	EndGlobalSection
	GlobalSection(ProjectConfigurationPlatforms) = postSolution
		{9452DAF3-5AD6-457B-BAF6-CB87CEFED4D2}.Debug|Any CPU.ActiveCfg = Debug|Any CPU
		{9452DAF3-5AD6-457B-BAF6-CB87CEFED4D2}.Debug|Any CPU.Build.0 = Debug|Any CPU
		{9452DAF3-5AD6-457B-BAF6-CB87CEFED4D2}.Release|Any CPU.ActiveCfg = Release|Any CPU
		{9452DAF3-5AD6-457B-BAF6-CB87CEFED4D2}.Release|Any CPU.Build.0 = Release|Any CPU
		{700497C5-ED44-4266-A9A9-485D68EE74CE}.Debug|Any CPU.ActiveCfg = Debug|Any CPU
		{700497C5-ED44-4266-A9A9-485D68EE74CE}.Debug|Any CPU.Build.0 = Debug|Any CPU
		{700497C5-ED44-4266-A9A9-485D68EE74CE}.Release|Any CPU.ActiveCfg = Release|Any CPU
		{700497C5-ED44-4266-A9A9-485D68EE74CE}.Release|Any CPU.Build.0 = Release|Any CPU
		{D5C0FDA7-F10B-4541-8582-629654E5AA03}.Debug|Any CPU.ActiveCfg = Debug|Any CPU
		{D5C0FDA7-F10B-4541-8582-629654E5AA03}.Debug|Any CPU.Build.0 = Debug|Any CPU
		{D5C0FDA7-F10B-4541-8582-629654E5AA03}.Release|Any CPU.ActiveCfg = Release|Any CPU
		{D5C0FDA7-F10B-4541-8582-629654E5AA03}.Release|Any CPU.Build.0 = Release|Any CPU
	EndGlobalSection
	GlobalSection(SolutionProperties) = preSolution
		HideSolutionNode = FALSE
	EndGlobalSection
	GlobalSection(ExtensibilityGlobals) = postSolution
		SolutionGuid = {DD61752B-224F-491B-B19F-A5856FBCF3E0}
	EndGlobalSection
EndGlobal
