
Microsoft Visual Studio Solution File, Format Version 12.00
# Visual Studio 15
VisualStudioVersion = 15.0.28307.271
MinimumVisualStudioVersion = 10.0.40219.1
Project("{FAE04EC0-301F-11D3-BF4B-00C04F79EFBC}") = "P01_StudentSystem", "P01_StudentSystem\P01_StudentSystem.csproj", "{8374BD19-EDEA-4871-B703-2153F0772991}"
EndProject
Project("{FAE04EC0-301F-11D3-BF4B-00C04F79EFBC}") = "P01_StudentSystem.Data", "P01_StudentSystem.Data\P01_StudentSystem.Data.csproj", "{F89B3F17-1959-4D33-AE50-B34988265474}"
EndProject
Global
	GlobalSection(SolutionConfigurationPlatforms) = preSolution
		Debug|Any CPU = Debug|Any CPU
		Release|Any CPU = Release|Any CPU
	EndGlobalSection
	GlobalSection(ProjectConfigurationPlatforms) = postSolution
		{8374BD19-EDEA-4871-B703-2153F0772991}.Debug|Any CPU.ActiveCfg = Debug|Any CPU
		{8374BD19-EDEA-4871-B703-2153F0772991}.Debug|Any CPU.Build.0 = Debug|Any CPU
		{8374BD19-EDEA-4871-B703-2153F0772991}.Release|Any CPU.ActiveCfg = Release|Any CPU
		{8374BD19-EDEA-4871-B703-2153F0772991}.Release|Any CPU.Build.0 = Release|Any CPU
		{F89B3F17-1959-4D33-AE50-B34988265474}.Debug|Any CPU.ActiveCfg = Debug|Any CPU
		{F89B3F17-1959-4D33-AE50-B34988265474}.Debug|Any CPU.Build.0 = Debug|Any CPU
		{F89B3F17-1959-4D33-AE50-B34988265474}.Release|Any CPU.ActiveCfg = Release|Any CPU
		{F89B3F17-1959-4D33-AE50-B34988265474}.Release|Any CPU.Build.0 = Release|Any CPU
	EndGlobalSection
	GlobalSection(SolutionProperties) = preSolution
		HideSolutionNode = FALSE
	EndGlobalSection
	GlobalSection(ExtensibilityGlobals) = postSolution
		SolutionGuid = {48AB1E2E-22AB-499C-8E1E-280FC877068A}
	EndGlobalSection
EndGlobal
