
Microsoft Visual Studio Solution File, Format Version 12.00
# Visual Studio 15
VisualStudioVersion = 15.0.28307.271
MinimumVisualStudioVersion = 10.0.40219.1
Project("{FAE04EC0-301F-11D3-BF4B-00C04F79EFBC}") = "P01_HospitalDatabase", "P01_HospitalDatabase\P01_HospitalDatabase.csproj", "{D1F6346B-29AF-4CCF-A42B-3942C369EA2E}"
EndProject
Project("{FAE04EC0-301F-11D3-BF4B-00C04F79EFBC}") = "P01_HospitalDatabase.Data", "P01_HospitalDatabase.Data\P01_HospitalDatabase.Data.csproj", "{41C7CD23-ACDC-4B4C-B9CE-70BFF62DC624}"
EndProject
Project("{FAE04EC0-301F-11D3-BF4B-00C04F79EFBC}") = "P01_HospitalDatabase.Data.Models", "P01_HospitalDatabase.Data.Model\P01_HospitalDatabase.Data.Models.csproj", "{ED0A22EB-2BFE-4C2E-A97E-FC5D767038EA}"
EndProject
Global
	GlobalSection(SolutionConfigurationPlatforms) = preSolution
		Debug|Any CPU = Debug|Any CPU
		Release|Any CPU = Release|Any CPU
	EndGlobalSection
	GlobalSection(ProjectConfigurationPlatforms) = postSolution
		{D1F6346B-29AF-4CCF-A42B-3942C369EA2E}.Debug|Any CPU.ActiveCfg = Debug|Any CPU
		{D1F6346B-29AF-4CCF-A42B-3942C369EA2E}.Debug|Any CPU.Build.0 = Debug|Any CPU
		{D1F6346B-29AF-4CCF-A42B-3942C369EA2E}.Release|Any CPU.ActiveCfg = Release|Any CPU
		{D1F6346B-29AF-4CCF-A42B-3942C369EA2E}.Release|Any CPU.Build.0 = Release|Any CPU
		{41C7CD23-ACDC-4B4C-B9CE-70BFF62DC624}.Debug|Any CPU.ActiveCfg = Debug|Any CPU
		{41C7CD23-ACDC-4B4C-B9CE-70BFF62DC624}.Debug|Any CPU.Build.0 = Debug|Any CPU
		{41C7CD23-ACDC-4B4C-B9CE-70BFF62DC624}.Release|Any CPU.ActiveCfg = Release|Any CPU
		{41C7CD23-ACDC-4B4C-B9CE-70BFF62DC624}.Release|Any CPU.Build.0 = Release|Any CPU
		{ED0A22EB-2BFE-4C2E-A97E-FC5D767038EA}.Debug|Any CPU.ActiveCfg = Debug|Any CPU
		{ED0A22EB-2BFE-4C2E-A97E-FC5D767038EA}.Debug|Any CPU.Build.0 = Debug|Any CPU
		{ED0A22EB-2BFE-4C2E-A97E-FC5D767038EA}.Release|Any CPU.ActiveCfg = Release|Any CPU
		{ED0A22EB-2BFE-4C2E-A97E-FC5D767038EA}.Release|Any CPU.Build.0 = Release|Any CPU
	EndGlobalSection
	GlobalSection(SolutionProperties) = preSolution
		HideSolutionNode = FALSE
	EndGlobalSection
	GlobalSection(ExtensibilityGlobals) = postSolution
		SolutionGuid = {9A927ED9-9A82-405C-84A0-6B685E9E428B}
	EndGlobalSection
EndGlobal
